{
  "name": "@mightydatainc/mdi-llmkit",
  "version": "1.1.3",
  "lockfileVersion": 3,
  "requires": true,
  "packages": {
    "": {
      "name": "@mightydatainc/mdi-llmkit",
      "version": "1.1.3",
      "license": "MIT",
      "dependencies": {
        "@mightydatainc/json-surgery": "^1.0.0",
        "@mightydatainc/llm-conversation": "^1.0.0",
        "@mightydatainc/semantic-match": "^1.0.0"
      }
    },
    "node_modules/@mightydatainc/json-surgery": {
      "version": "1.2.0",
      "resolved": "https://registry.npmjs.org/@mightydatainc/json-surgery/-/json-surgery-1.2.0.tgz",
      "integrity": "sha512-ziQRMZFH0wbvfKRYkVhJ0j7b+ITLwrWfRk8Ed7ZI2pNiRBwIHZ84deTxqvbP7TyPDh7xfGcCmBLNgCjHqi6wEQ==",
      "license": "MIT",
      "dependencies": {
        "@mightydatainc/llm-conversation": "^1.0.5"
      }
    },
    "node_modules/@mightydatainc/llm-conversation": {
      "version": "1.0.5",
      "resolved": "https://registry.npmjs.org/@mightydatainc/llm-conversation/-/llm-conversation-1.0.5.tgz",
      "integrity": "sha512-m4f5+3Q1ezYVgdl4V99uWYCw30fei6fDqhelBoITH84Wew5BOMHihi03A6DF3E75O27jlTHvC9ylpJl63tfEHQ==",
      "license": "MIT"
    },
    "node_modules/@mightydatainc/semantic-match": {
      "version": "1.3.0",
      "resolved": "https://registry.npmjs.org/@mightydatainc/semantic-match/-/semantic-match-1.3.0.tgz",
      "integrity": "sha512-wgqn5bYxcIf9HA0sqtX6eetSquMHAASA3vTilSo+fvlv0zTvZSff+7q90DHnnfiak4X3+BFWI3C5nfe3Oo1NtA==",
      "license": "MIT",
      "dependencies": {
        "@mightydatainc/llm-conversation": "^1.0.5"
      }
    }
  }
}
